
Microsoft Visual Studio Solution File, Format Version 11.00
# Visual Studio 2010
Project("{FAE04EC0-301F-11D3-BF4B-00C04F79EFBC}") = "Assembly-CSharp", "Assembly-CSharp.csproj", "{bf836dd7-f2ee-4f57-0321-f2ad1232b84b}"
EndProject
Project("{FAE04EC0-301F-11D3-BF4B-00C04F79EFBC}") = "Assembly-CSharp-Editor", "Assembly-CSharp-Editor.csproj", "{7ac738c5-8e22-84c4-6b2f-0252d630f583}"
EndProject
Global
	GlobalSection(SolutionConfigurationPlatforms) = preSolution
		Debug|Any CPU = Debug|Any CPU
	EndGlobalSection
	GlobalSection(ProjectConfigurationPlatforms) = postSolution
		{bf836dd7-f2ee-4f57-0321-f2ad1232b84b}.Debug|Any CPU.ActiveCfg = Debug|Any CPU
		{bf836dd7-f2ee-4f57-0321-f2ad1232b84b}.Debug|Any CPU.Build.0 = Debug|Any CPU
		{7ac738c5-8e22-84c4-6b2f-0252d630f583}.Debug|Any CPU.ActiveCfg = Debug|Any CPU
		{7ac738c5-8e22-84c4-6b2f-0252d630f583}.Debug|Any CPU.Build.0 = Debug|Any CPU
	EndGlobalSection
	GlobalSection(SolutionProperties) = preSolution
		HideSolutionNode = FALSE
	EndGlobalSection
EndGlobal
